
Microsoft Visual Studio Solution File, Format Version 12.00
# Visual Studio 15
VisualStudioVersion = 15.0.27703.2035
MinimumVisualStudioVersion = 10.0.40219.1
Project("{FAE04EC0-301F-11D3-BF4B-00C04F79EFBC}") = "StringOperations", "StringOperations\StringOperations.csproj", "{092B8D66-A8C0-4873-9F27-C2A8845DF79B}"
EndProject
Project("{FAE04EC0-301F-11D3-BF4B-00C04F79EFBC}") = "Constructors", "Constructors\Constructors.csproj", "{F06FC235-EBBA-49DE-8E22-7EAE2D1E9B53}"
EndProject
Global
	GlobalSection(SolutionConfigurationPlatforms) = preSolution
		Debug|Any CPU = Debug|Any CPU
		Release|Any CPU = Release|Any CPU
	EndGlobalSection
	GlobalSection(ProjectConfigurationPlatforms) = postSolution
		{092B8D66-A8C0-4873-9F27-C2A8845DF79B}.Debug|Any CPU.ActiveCfg = Debug|Any CPU
		{092B8D66-A8C0-4873-9F27-C2A8845DF79B}.Debug|Any CPU.Build.0 = Debug|Any CPU
		{092B8D66-A8C0-4873-9F27-C2A8845DF79B}.Release|Any CPU.ActiveCfg = Release|Any CPU
		{092B8D66-A8C0-4873-9F27-C2A8845DF79B}.Release|Any CPU.Build.0 = Release|Any CPU
		{F06FC235-EBBA-49DE-8E22-7EAE2D1E9B53}.Debug|Any CPU.ActiveCfg = Debug|Any CPU
		{F06FC235-EBBA-49DE-8E22-7EAE2D1E9B53}.Debug|Any CPU.Build.0 = Debug|Any CPU
		{F06FC235-EBBA-49DE-8E22-7EAE2D1E9B53}.Release|Any CPU.ActiveCfg = Release|Any CPU
		{F06FC235-EBBA-49DE-8E22-7EAE2D1E9B53}.Release|Any CPU.Build.0 = Release|Any CPU
	EndGlobalSection
	GlobalSection(SolutionProperties) = preSolution
		HideSolutionNode = FALSE
	EndGlobalSection
	GlobalSection(ExtensibilityGlobals) = postSolution
		SolutionGuid = {FF1112AC-26BE-42D5-ACCB-D858028D12FC}
	EndGlobalSection
EndGlobal
